<?xml version="1.0" encoding="UTF-8"?>
<CodeBlocks_project_file>
	<FileVersion major="1" minor="6"/>
	<Project>
		<Option title="kldnk-stopwatch"/>
		<Option makefile_is_custom="1"/>
		<Option compiler="clang"/>
		<Option virtualFolders="CMake Files\;CMake Files\plugins\;CMake Files\plugins\coreaudio-encoder\;CMake Files\plugins\obs-ffmpeg\;CMake Files\plugins\obs-ffmpeg\ffmpeg-mux\;CMake Files\plugins\image-source\;CMake Files\plugins\kldnk-stopwatch\;CMake Files\plugins\linux-jack\;CMake Files\plugins\mac-avcapture\;CMake Files\plugins\mac-capture\;CMake Files\plugins\decklink\;CMake Files\plugins\decklink\mac\;CMake Files\plugins\mac-syphon\;CMake Files\plugins\mac-vth264\;CMake Files\plugins\obs-filters\;CMake Files\plugins\obs-libfdk\;CMake Files\plugins\obs-outputs\;CMake Files\plugins\vlc-video\;CMake Files\plugins\obs-x264\;CMake Files\plugins\obs-transitions\;CMake Files\plugins\obs-text\;CMake Files\plugins\rtmp-services\;CMake Files\plugins\text-freetype2\;CMake Files\cmake\;CMake Files\cmake\Modules\;CMake Files\cmake\helper_subdir\;CMake Files\deps\;CMake Files\deps\file-updater\;CMake Files\deps\glad\;CMake Files\deps\jansson\;CMake Files\deps\jansson\cmake\;CMake Files\deps\libff\;CMake Files\deps\w32-pthreads\;CMake Files\deps\ipc-util\;CMake Files\UI\;CMake Files\UI\frontend-plugins\;CMake Files\UI\frontend-plugins\frontend-tools\;CMake Files\UI\forms\;CMake Files\UI\obs-frontend-api\;CMake Files\libobs\;CMake Files\libobs-opengl\;CMake Files\..\;CMake Files\..\..\;CMake Files\..\..\..\;CMake Files\..\..\..\..\;CMake Files\..\..\..\..\opt\;CMake Files\..\..\..\..\opt\local\;CMake Files\..\..\..\..\opt\local\lib\;CMake Files\..\..\..\..\opt\local\lib\cmake\;CMake Files\..\..\..\..\opt\local\lib\cmake\Qt5Widgets\;CMake Files\..\..\..\..\opt\local\libexec\;CMake Files\..\..\..\..\opt\local\libexec\qt5\;CMake Files\..\..\..\..\opt\local\libexec\qt5\lib\;CMake Files\..\..\..\..\opt\local\libexec\qt5\lib\cmake\;CMake Files\..\..\..\..\opt\local\libexec\qt5\lib\cmake\Qt5Gui\;CMake Files\..\..\..\..\opt\local\libexec\qt5\lib\cmake\Qt5Core\;CMake Files\..\..\..\..\opt\local\libexec\qt5\lib\cmake\Qt5Widgets\;"/>
		<Build>
			<Target title="all">
				<Option working_dir="/Users/janheld/Workspaces/obs-studio/plugins/kldnk-stopwatch"/>
				<Option type="4"/>
				<MakeCommands>
					<Build command="/opt/local/bin/gmake -j4 -f &quot;/Users/janheld/Workspaces/obs-studio/plugins/kldnk-stopwatch/Makefile&quot;  VERBOSE=1 all"/>
					<CompileFile command="/opt/local/bin/gmake -j4 -f &quot;/Users/janheld/Workspaces/obs-studio/plugins/kldnk-stopwatch/Makefile&quot;  VERBOSE=1 &quot;$file&quot;"/>
					<Clean command="/opt/local/bin/gmake -j4 -f &quot;/Users/janheld/Workspaces/obs-studio/plugins/kldnk-stopwatch/Makefile&quot;  VERBOSE=1 clean"/>
					<DistClean command="/opt/local/bin/gmake -j4 -f &quot;/Users/janheld/Workspaces/obs-studio/plugins/kldnk-stopwatch/Makefile&quot;  VERBOSE=1 clean"/>
				</MakeCommands>
			</Target>
			<Target title="kldnk-stopwatch">
				<Option output="/Users/janheld/Workspaces/obs-studio/plugins/kldnk-stopwatch/kldnk-stopwatch.so" prefix_auto="0" extension_auto="0"/>
				<Option working_dir="/Users/janheld/Workspaces/obs-studio/plugins/kldnk-stopwatch"/>
				<Option object_output="./"/>
				<Option type="3"/>
				<Option compiler="clang"/>
				<Compiler>
					<Add option="-DHAVE_OBSCONFIG_H"/>
					<Add directory="/Users/janheld/Workspaces/obs-studio/libobs"/>
					<Add directory="/Users/janheld/Workspaces/obs-studio/config"/>
					<Add directory="/Applications/Xcode.app/Contents/Developer/Toolchains/XcodeDefault.xctoolchain/usr/bin/../include/c++/v1"/>
					<Add directory="/Applications/Xcode.app/Contents/Developer/Toolchains/XcodeDefault.xctoolchain/usr/bin/../lib/clang/7.0.2/include"/>
					<Add directory="/Applications/Xcode.app/Contents/Developer/Toolchains/XcodeDefault.xctoolchain/usr/include"/>
					<Add directory="/usr/include"/>
					<Add directory="/System/Library/Frameworks"/>
					<Add directory="/Library/Frameworks"/>
				</Compiler>
				<MakeCommands>
					<Build command="/opt/local/bin/gmake -j4 -f &quot;/Users/janheld/Workspaces/obs-studio/plugins/kldnk-stopwatch/Makefile&quot;  VERBOSE=1 kldnk-stopwatch"/>
					<CompileFile command="/opt/local/bin/gmake -j4 -f &quot;/Users/janheld/Workspaces/obs-studio/plugins/kldnk-stopwatch/Makefile&quot;  VERBOSE=1 &quot;$file&quot;"/>
					<Clean command="/opt/local/bin/gmake -j4 -f &quot;/Users/janheld/Workspaces/obs-studio/plugins/kldnk-stopwatch/Makefile&quot;  VERBOSE=1 clean"/>
					<DistClean command="/opt/local/bin/gmake -j4 -f &quot;/Users/janheld/Workspaces/obs-studio/plugins/kldnk-stopwatch/Makefile&quot;  VERBOSE=1 clean"/>
				</MakeCommands>
			</Target>
			<Target title="kldnk-stopwatch/fast">
				<Option output="/Users/janheld/Workspaces/obs-studio/plugins/kldnk-stopwatch/kldnk-stopwatch.so" prefix_auto="0" extension_auto="0"/>
				<Option working_dir="/Users/janheld/Workspaces/obs-studio/plugins/kldnk-stopwatch"/>
				<Option object_output="./"/>
				<Option type="3"/>
				<Option compiler="clang"/>
				<Compiler>
					<Add option="-DHAVE_OBSCONFIG_H"/>
					<Add directory="/Users/janheld/Workspaces/obs-studio/libobs"/>
					<Add directory="/Users/janheld/Workspaces/obs-studio/config"/>
					<Add directory="/Applications/Xcode.app/Contents/Developer/Toolchains/XcodeDefault.xctoolchain/usr/bin/../include/c++/v1"/>
					<Add directory="/Applications/Xcode.app/Contents/Developer/Toolchains/XcodeDefault.xctoolchain/usr/bin/../lib/clang/7.0.2/include"/>
					<Add directory="/Applications/Xcode.app/Contents/Developer/Toolchains/XcodeDefault.xctoolchain/usr/include"/>
					<Add directory="/usr/include"/>
					<Add directory="/System/Library/Frameworks"/>
					<Add directory="/Library/Frameworks"/>
				</Compiler>
				<MakeCommands>
					<Build command="/opt/local/bin/gmake -j4 -f &quot;/Users/janheld/Workspaces/obs-studio/plugins/kldnk-stopwatch/Makefile&quot;  VERBOSE=1 kldnk-stopwatch/fast"/>
					<CompileFile command="/opt/local/bin/gmake -j4 -f &quot;/Users/janheld/Workspaces/obs-studio/plugins/kldnk-stopwatch/Makefile&quot;  VERBOSE=1 &quot;$file&quot;"/>
					<Clean command="/opt/local/bin/gmake -j4 -f &quot;/Users/janheld/Workspaces/obs-studio/plugins/kldnk-stopwatch/Makefile&quot;  VERBOSE=1 clean"/>
					<DistClean command="/opt/local/bin/gmake -j4 -f &quot;/Users/janheld/Workspaces/obs-studio/plugins/kldnk-stopwatch/Makefile&quot;  VERBOSE=1 clean"/>
				</MakeCommands>
			</Target>
		</Build>
		<Unit filename="/Users/janheld/Workspaces/obs-studio/plugins/kldnk-stopwatch/IStopwatch.h">
			<Option target="kldnk-stopwatch"/>
		</Unit>
		<Unit filename="/Users/janheld/Workspaces/obs-studio/plugins/kldnk-stopwatch/KldnkStopwatch.cpp">
			<Option target="kldnk-stopwatch"/>
		</Unit>
		<Unit filename="/Users/janheld/Workspaces/obs-studio/plugins/kldnk-stopwatch/Stopwatch.h">
			<Option target="kldnk-stopwatch"/>
		</Unit>
		<Unit filename="/Users/janheld/Workspaces/obs-studio/plugins/kldnk-stopwatch/StopwatchBase.cpp">
			<Option target="kldnk-stopwatch"/>
		</Unit>
		<Unit filename="/Users/janheld/Workspaces/obs-studio/plugins/kldnk-stopwatch/StopwatchBase.h">
			<Option target="kldnk-stopwatch"/>
		</Unit>
		<Unit filename="/Users/janheld/Workspaces/obs-studio/plugins/kldnk-stopwatch/Timer.h">
			<Option target="kldnk-stopwatch"/>
		</Unit>
		<Unit filename="/Users/janheld/Workspaces/obs-studio/plugins/kldnk-stopwatch/actions/IStopwatchAction.h">
			<Option target="kldnk-stopwatch"/>
		</Unit>
		<Unit filename="/Users/janheld/Workspaces/obs-studio/plugins/kldnk-stopwatch/actions/StopwatchActionBase.h">
			<Option target="kldnk-stopwatch"/>
		</Unit>
		<Unit filename="/Users/janheld/Workspaces/obs-studio/plugins/kldnk-stopwatch/actions/SwitchSceneAction.cpp">
			<Option target="kldnk-stopwatch"/>
		</Unit>
		<Unit filename="/Users/janheld/Workspaces/obs-studio/plugins/kldnk-stopwatch/actions/SwitchSceneAction.h">
			<Option target="kldnk-stopwatch"/>
		</Unit>
		<Unit filename="/Users/janheld/Workspaces/obs-studio/plugins/kldnk-stopwatch/events/IStopwatchEvent.h">
			<Option target="kldnk-stopwatch"/>
		</Unit>
		<Unit filename="/Users/janheld/Workspaces/obs-studio/plugins/kldnk-stopwatch/events/IStopwatchEventListener.h">
			<Option target="kldnk-stopwatch"/>
		</Unit>
		<Unit filename="/Users/janheld/Workspaces/obs-studio/plugins/kldnk-stopwatch/events/StopwatchEventBase.h">
			<Option target="kldnk-stopwatch"/>
		</Unit>
		<Unit filename="/Users/janheld/Workspaces/obs-studio/plugins/kldnk-stopwatch/events/StopwatchResetEvent.h">
			<Option target="kldnk-stopwatch"/>
		</Unit>
		<Unit filename="/Users/janheld/Workspaces/obs-studio/plugins/kldnk-stopwatch/events/StopwatchStartEvent.h">
			<Option target="kldnk-stopwatch"/>
		</Unit>
		<Unit filename="/Users/janheld/Workspaces/obs-studio/plugins/kldnk-stopwatch/events/StopwatchStopEvent.h">
			<Option target="kldnk-stopwatch"/>
		</Unit>
		<Unit filename="/Users/janheld/Workspaces/obs-studio/plugins/kldnk-stopwatch/ft2helper.c">
			<Option target="kldnk-stopwatch"/>
		</Unit>
		<Unit filename="/Users/janheld/Workspaces/obs-studio/plugins/kldnk-stopwatch/stopwatch-settings.c">
			<Option target="kldnk-stopwatch"/>
		</Unit>
		<Unit filename="/Users/janheld/Workspaces/obs-studio/plugins/kldnk-stopwatch/stopwatch-settings.h">
			<Option target="kldnk-stopwatch"/>
		</Unit>
		<Unit filename="/Users/janheld/Workspaces/obs-studio/plugins/kldnk-stopwatch/stopwatch-type.h">
			<Option target="kldnk-stopwatch"/>
		</Unit>
		<Unit filename="/Users/janheld/Workspaces/obs-studio/plugins/kldnk-stopwatch/stopwatch-wrapper.c">
			<Option target="kldnk-stopwatch"/>
		</Unit>
		<Unit filename="/Users/janheld/Workspaces/obs-studio/plugins/kldnk-stopwatch/stopwatch-wrapper.h">
			<Option target="kldnk-stopwatch"/>
		</Unit>
		<Unit filename="/Users/janheld/Workspaces/obs-studio/plugins/kldnk-stopwatch/time-util.c">
			<Option target="kldnk-stopwatch"/>
		</Unit>
		<Unit filename="/Users/janheld/Workspaces/obs-studio/plugins/kldnk-stopwatch/time-util.h">
			<Option target="kldnk-stopwatch"/>
		</Unit>
		<Unit filename="/Users/janheld/Workspaces/obs-studio/CMakeLists.txt">
			<Option virtualFolder="CMake Files\"/>
		</Unit>
		<Unit filename="/Users/janheld/Workspaces/obs-studio/plugins/CMakeLists.txt">
			<Option virtualFolder="CMake Files\plugins\"/>
		</Unit>
		<Unit filename="/Users/janheld/Workspaces/obs-studio/plugins/coreaudio-encoder/CMakeLists.txt">
			<Option virtualFolder="CMake Files\plugins\coreaudio-encoder\"/>
		</Unit>
		<Unit filename="/Users/janheld/Workspaces/obs-studio/plugins/coreaudio-encoder/CMakeLists.txt">
			<Option virtualFolder="CMake Files\plugins\coreaudio-encoder\"/>
		</Unit>
		<Unit filename="/Users/janheld/Workspaces/obs-studio/plugins/obs-ffmpeg/CMakeLists.txt">
			<Option virtualFolder="CMake Files\plugins\obs-ffmpeg\"/>
		</Unit>
		<Unit filename="/Users/janheld/Workspaces/obs-studio/plugins/obs-ffmpeg/CMakeLists.txt">
			<Option virtualFolder="CMake Files\plugins\obs-ffmpeg\"/>
		</Unit>
		<Unit filename="/Users/janheld/Workspaces/obs-studio/plugins/obs-ffmpeg/ffmpeg-mux/CMakeLists.txt">
			<Option virtualFolder="CMake Files\plugins\obs-ffmpeg\ffmpeg-mux\"/>
		</Unit>
		<Unit filename="/Users/janheld/Workspaces/obs-studio/plugins/obs-ffmpeg/ffmpeg-mux/CMakeLists.txt">
			<Option virtualFolder="CMake Files\plugins\obs-ffmpeg\ffmpeg-mux\"/>
		</Unit>
		<Unit filename="/Users/janheld/Workspaces/obs-studio/plugins/obs-ffmpeg/ffmpeg-mux/CMakeLists.txt">
			<Option virtualFolder="CMake Files\plugins\obs-ffmpeg\ffmpeg-mux\"/>
		</Unit>
		<Unit filename="/Users/janheld/Workspaces/obs-studio/plugins/image-source/CMakeLists.txt">
			<Option virtualFolder="CMake Files\plugins\image-source\"/>
		</Unit>
		<Unit filename="/Users/janheld/Workspaces/obs-studio/plugins/image-source/CMakeLists.txt">
			<Option virtualFolder="CMake Files\plugins\image-source\"/>
		</Unit>
		<Unit filename="/Users/janheld/Workspaces/obs-studio/plugins/kldnk-stopwatch/CMakeLists.txt">
			<Option virtualFolder="CMake Files\plugins\kldnk-stopwatch\"/>
		</Unit>
		<Unit filename="/Users/janheld/Workspaces/obs-studio/plugins/kldnk-stopwatch/CMakeLists.txt">
			<Option virtualFolder="CMake Files\plugins\kldnk-stopwatch\"/>
		</Unit>
		<Unit filename="/Users/janheld/Workspaces/obs-studio/plugins/linux-jack/CMakeLists.txt">
			<Option virtualFolder="CMake Files\plugins\linux-jack\"/>
		</Unit>
		<Unit filename="/Users/janheld/Workspaces/obs-studio/plugins/linux-jack/CMakeLists.txt">
			<Option virtualFolder="CMake Files\plugins\linux-jack\"/>
		</Unit>
		<Unit filename="/Users/janheld/Workspaces/obs-studio/plugins/mac-avcapture/CMakeLists.txt">
			<Option virtualFolder="CMake Files\plugins\mac-avcapture\"/>
		</Unit>
		<Unit filename="/Users/janheld/Workspaces/obs-studio/plugins/mac-avcapture/CMakeLists.txt">
			<Option virtualFolder="CMake Files\plugins\mac-avcapture\"/>
		</Unit>
		<Unit filename="/Users/janheld/Workspaces/obs-studio/plugins/mac-capture/CMakeLists.txt">
			<Option virtualFolder="CMake Files\plugins\mac-capture\"/>
		</Unit>
		<Unit filename="/Users/janheld/Workspaces/obs-studio/plugins/mac-capture/CMakeLists.txt">
			<Option virtualFolder="CMake Files\plugins\mac-capture\"/>
		</Unit>
		<Unit filename="/Users/janheld/Workspaces/obs-studio/plugins/decklink/mac/CMakeLists.txt">
			<Option virtualFolder="CMake Files\plugins\decklink\mac\"/>
		</Unit>
		<Unit filename="/Users/janheld/Workspaces/obs-studio/plugins/decklink/mac/CMakeLists.txt">
			<Option virtualFolder="CMake Files\plugins\decklink\mac\"/>
		</Unit>
		<Unit filename="/Users/janheld/Workspaces/obs-studio/plugins/mac-syphon/CMakeLists.txt">
			<Option virtualFolder="CMake Files\plugins\mac-syphon\"/>
		</Unit>
		<Unit filename="/Users/janheld/Workspaces/obs-studio/plugins/mac-syphon/CMakeLists.txt">
			<Option virtualFolder="CMake Files\plugins\mac-syphon\"/>
		</Unit>
		<Unit filename="/Users/janheld/Workspaces/obs-studio/plugins/mac-vth264/CMakeLists.txt">
			<Option virtualFolder="CMake Files\plugins\mac-vth264\"/>
		</Unit>
		<Unit filename="/Users/janheld/Workspaces/obs-studio/plugins/mac-vth264/CMakeLists.txt">
			<Option virtualFolder="CMake Files\plugins\mac-vth264\"/>
		</Unit>
		<Unit filename="/Users/janheld/Workspaces/obs-studio/plugins/obs-filters/CMakeLists.txt">
			<Option virtualFolder="CMake Files\plugins\obs-filters\"/>
		</Unit>
		<Unit filename="/Users/janheld/Workspaces/obs-studio/plugins/obs-filters/obs-filters-config.h.in">
			<Option virtualFolder="CMake Files\plugins\obs-filters\"/>
		</Unit>
		<Unit filename="/Users/janheld/Workspaces/obs-studio/plugins/obs-filters/CMakeLists.txt">
			<Option virtualFolder="CMake Files\plugins\obs-filters\"/>
		</Unit>
		<Unit filename="/Users/janheld/Workspaces/obs-studio/plugins/obs-filters/obs-filters-config.h.in">
			<Option virtualFolder="CMake Files\plugins\obs-filters\"/>
		</Unit>
		<Unit filename="/Users/janheld/Workspaces/obs-studio/plugins/obs-libfdk/CMakeLists.txt">
			<Option virtualFolder="CMake Files\plugins\obs-libfdk\"/>
		</Unit>
		<Unit filename="/Users/janheld/Workspaces/obs-studio/plugins/obs-libfdk/CMakeLists.txt">
			<Option virtualFolder="CMake Files\plugins\obs-libfdk\"/>
		</Unit>
		<Unit filename="/Users/janheld/Workspaces/obs-studio/plugins/obs-outputs/CMakeLists.txt">
			<Option virtualFolder="CMake Files\plugins\obs-outputs\"/>
		</Unit>
		<Unit filename="/Users/janheld/Workspaces/obs-studio/plugins/obs-outputs/CMakeLists.txt">
			<Option virtualFolder="CMake Files\plugins\obs-outputs\"/>
		</Unit>
		<Unit filename="/Users/janheld/Workspaces/obs-studio/plugins/vlc-video/CMakeLists.txt">
			<Option virtualFolder="CMake Files\plugins\vlc-video\"/>
		</Unit>
		<Unit filename="/Users/janheld/Workspaces/obs-studio/plugins/vlc-video/CMakeLists.txt">
			<Option virtualFolder="CMake Files\plugins\vlc-video\"/>
		</Unit>
		<Unit filename="/Users/janheld/Workspaces/obs-studio/plugins/obs-x264/CMakeLists.txt">
			<Option virtualFolder="CMake Files\plugins\obs-x264\"/>
		</Unit>
		<Unit filename="/Users/janheld/Workspaces/obs-studio/plugins/obs-x264/CMakeLists.txt">
			<Option virtualFolder="CMake Files\plugins\obs-x264\"/>
		</Unit>
		<Unit filename="/Users/janheld/Workspaces/obs-studio/plugins/obs-transitions/CMakeLists.txt">
			<Option virtualFolder="CMake Files\plugins\obs-transitions\"/>
		</Unit>
		<Unit filename="/Users/janheld/Workspaces/obs-studio/plugins/obs-transitions/CMakeLists.txt">
			<Option virtualFolder="CMake Files\plugins\obs-transitions\"/>
		</Unit>
		<Unit filename="/Users/janheld/Workspaces/obs-studio/plugins/obs-text/CMakeLists.txt">
			<Option virtualFolder="CMake Files\plugins\obs-text\"/>
		</Unit>
		<Unit filename="/Users/janheld/Workspaces/obs-studio/plugins/rtmp-services/CMakeLists.txt">
			<Option virtualFolder="CMake Files\plugins\rtmp-services\"/>
		</Unit>
		<Unit filename="/Users/janheld/Workspaces/obs-studio/plugins/rtmp-services/lookup-config.h.in">
			<Option virtualFolder="CMake Files\plugins\rtmp-services\"/>
		</Unit>
		<Unit filename="/Users/janheld/Workspaces/obs-studio/plugins/rtmp-services/CMakeLists.txt">
			<Option virtualFolder="CMake Files\plugins\rtmp-services\"/>
		</Unit>
		<Unit filename="/Users/janheld/Workspaces/obs-studio/plugins/rtmp-services/lookup-config.h.in">
			<Option virtualFolder="CMake Files\plugins\rtmp-services\"/>
		</Unit>
		<Unit filename="/Users/janheld/Workspaces/obs-studio/plugins/text-freetype2/CMakeLists.txt">
			<Option virtualFolder="CMake Files\plugins\text-freetype2\"/>
		</Unit>
		<Unit filename="/Users/janheld/Workspaces/obs-studio/plugins/text-freetype2/CMakeLists.txt">
			<Option virtualFolder="CMake Files\plugins\text-freetype2\"/>
		</Unit>
		<Unit filename="/Users/janheld/Workspaces/obs-studio/cmake/Modules/FindFFmpeg.cmake">
			<Option virtualFolder="CMake Files\cmake\Modules\"/>
		</Unit>
		<Unit filename="/Users/janheld/Workspaces/obs-studio/cmake/Modules/FindLibcurl.cmake">
			<Option virtualFolder="CMake Files\cmake\Modules\"/>
		</Unit>
		<Unit filename="/Users/janheld/Workspaces/obs-studio/cmake/Modules/FindFFmpeg.cmake">
			<Option virtualFolder="CMake Files\cmake\Modules\"/>
		</Unit>
		<Unit filename="/Users/janheld/Workspaces/obs-studio/cmake/Modules/FindThreads.cmake">
			<Option virtualFolder="CMake Files\cmake\Modules\"/>
		</Unit>
		<Unit filename="/Users/janheld/Workspaces/obs-studio/cmake/Modules/FindFFmpeg.cmake">
			<Option virtualFolder="CMake Files\cmake\Modules\"/>
		</Unit>
		<Unit filename="/Users/janheld/Workspaces/obs-studio/cmake/Modules/FindDBus.cmake">
			<Option virtualFolder="CMake Files\cmake\Modules\"/>
		</Unit>
		<Unit filename="/Users/janheld/Workspaces/obs-studio/cmake/Modules/FindZLIB.cmake">
			<Option virtualFolder="CMake Files\cmake\Modules\"/>
		</Unit>
		<Unit filename="/Users/janheld/Workspaces/obs-studio/cmake/Modules/FindJack.cmake">
			<Option virtualFolder="CMake Files\cmake\Modules\"/>
		</Unit>
		<Unit filename="/Users/janheld/Workspaces/obs-studio/cmake/Modules/FindLibcurl.cmake">
			<Option virtualFolder="CMake Files\cmake\Modules\"/>
		</Unit>
		<Unit filename="/Users/janheld/Workspaces/obs-studio/cmake/Modules/FindAppKit.cmake">
			<Option virtualFolder="CMake Files\cmake\Modules\"/>
		</Unit>
		<Unit filename="/Users/janheld/Workspaces/obs-studio/cmake/Modules/FindFFmpeg.cmake">
			<Option virtualFolder="CMake Files\cmake\Modules\"/>
		</Unit>
		<Unit filename="/Users/janheld/Workspaces/obs-studio/cmake/Modules/FindFFmpeg.cmake">
			<Option virtualFolder="CMake Files\cmake\Modules\"/>
		</Unit>
		<Unit filename="/Users/janheld/Workspaces/obs-studio/cmake/Modules/FindLibspeexdsp.cmake">
			<Option virtualFolder="CMake Files\cmake\Modules\"/>
		</Unit>
		<Unit filename="/Users/janheld/Workspaces/obs-studio/cmake/Modules/FindLibfdk.cmake">
			<Option virtualFolder="CMake Files\cmake\Modules\"/>
		</Unit>
		<Unit filename="/Users/janheld/Workspaces/obs-studio/cmake/Modules/ObsHelpers.cmake">
			<Option virtualFolder="CMake Files\cmake\Modules\"/>
		</Unit>
		<Unit filename="/Users/janheld/Workspaces/obs-studio/cmake/Modules/ObsCpack.cmake">
			<Option virtualFolder="CMake Files\cmake\Modules\"/>
		</Unit>
		<Unit filename="/Users/janheld/Workspaces/obs-studio/cmake/Modules/FindCXX11.cmake">
			<Option virtualFolder="CMake Files\cmake\Modules\"/>
		</Unit>
		<Unit filename="/Users/janheld/Workspaces/obs-studio/cmake/Modules/CopyMSVCBins.cmake">
			<Option virtualFolder="CMake Files\cmake\Modules\"/>
		</Unit>
		<Unit filename="/Users/janheld/Workspaces/obs-studio/cmake/Modules/FindJansson.cmake">
			<Option virtualFolder="CMake Files\cmake\Modules\"/>
		</Unit>
		<Unit filename="/Users/janheld/Workspaces/obs-studio/cmake/Modules/FindFFmpeg.cmake">
			<Option virtualFolder="CMake Files\cmake\Modules\"/>
		</Unit>
		<Unit filename="/Users/janheld/Workspaces/obs-studio/cmake/Modules/FindLibcurl.cmake">
			<Option virtualFolder="CMake Files\cmake\Modules\"/>
		</Unit>
		<Unit filename="/Users/janheld/Workspaces/obs-studio/cmake/Modules/FindThreads.cmake">
			<Option virtualFolder="CMake Files\cmake\Modules\"/>
		</Unit>
		<Unit filename="/Users/janheld/Workspaces/obs-studio/cmake/Modules/FindFFmpeg.cmake">
			<Option virtualFolder="CMake Files\cmake\Modules\"/>
		</Unit>
		<Unit filename="/Users/janheld/Workspaces/obs-studio/cmake/Modules/FindDBus.cmake">
			<Option virtualFolder="CMake Files\cmake\Modules\"/>
		</Unit>
		<Unit filename="/Users/janheld/Workspaces/obs-studio/cmake/Modules/FindZLIB.cmake">
			<Option virtualFolder="CMake Files\cmake\Modules\"/>
		</Unit>
		<Unit filename="/Users/janheld/Workspaces/obs-studio/cmake/Modules/FindLibcurl.cmake">
			<Option virtualFolder="CMake Files\cmake\Modules\"/>
		</Unit>
		<Unit filename="/Users/janheld/Workspaces/obs-studio/cmake/Modules/FindAppKit.cmake">
			<Option virtualFolder="CMake Files\cmake\Modules\"/>
		</Unit>
		<Unit filename="/Users/janheld/Workspaces/obs-studio/cmake/Modules/FindLibVLC.cmake">
			<Option virtualFolder="CMake Files\cmake\Modules\"/>
		</Unit>
		<Unit filename="/Users/janheld/Workspaces/obs-studio/cmake/Modules/FindJack.cmake">
			<Option virtualFolder="CMake Files\cmake\Modules\"/>
		</Unit>
		<Unit filename="/Users/janheld/Workspaces/obs-studio/cmake/Modules/FindLibx264.cmake">
			<Option virtualFolder="CMake Files\cmake\Modules\"/>
		</Unit>
		<Unit filename="/Users/janheld/Workspaces/obs-studio/cmake/Modules/FindLibfdk.cmake">
			<Option virtualFolder="CMake Files\cmake\Modules\"/>
		</Unit>
		<Unit filename="/Users/janheld/Workspaces/obs-studio/cmake/Modules/FindFFmpeg.cmake">
			<Option virtualFolder="CMake Files\cmake\Modules\"/>
		</Unit>
		<Unit filename="/Users/janheld/Workspaces/obs-studio/cmake/Modules/FindFFmpeg.cmake">
			<Option virtualFolder="CMake Files\cmake\Modules\"/>
		</Unit>
		<Unit filename="/Users/janheld/Workspaces/obs-studio/cmake/Modules/FindLibspeexdsp.cmake">
			<Option virtualFolder="CMake Files\cmake\Modules\"/>
		</Unit>
		<Unit filename="/Users/janheld/Workspaces/obs-studio/cmake/Modules/FindFreetype.cmake">
			<Option virtualFolder="CMake Files\cmake\Modules\"/>
		</Unit>
		<Unit filename="/Users/janheld/Workspaces/obs-studio/cmake/Modules/FindIconv.cmake">
			<Option virtualFolder="CMake Files\cmake\Modules\"/>
		</Unit>
		<Unit filename="/Users/janheld/Workspaces/obs-studio/cmake/Modules/FindLibx264.cmake">
			<Option virtualFolder="CMake Files\cmake\Modules\"/>
		</Unit>
		<Unit filename="/Users/janheld/Workspaces/obs-studio/cmake/Modules/FindFreetype.cmake">
			<Option virtualFolder="CMake Files\cmake\Modules\"/>
		</Unit>
		<Unit filename="/Users/janheld/Workspaces/obs-studio/cmake/Modules/FindIconv.cmake">
			<Option virtualFolder="CMake Files\cmake\Modules\"/>
		</Unit>
		<Unit filename="/Users/janheld/Workspaces/obs-studio/cmake/Modules/FindLibVLC.cmake">
			<Option virtualFolder="CMake Files\cmake\Modules\"/>
		</Unit>
		<Unit filename="/Users/janheld/Workspaces/obs-studio/cmake/helper_subdir/CMakeLists.txt">
			<Option virtualFolder="CMake Files\cmake\helper_subdir\"/>
		</Unit>
		<Unit filename="/Users/janheld/Workspaces/obs-studio/deps/CMakeLists.txt">
			<Option virtualFolder="CMake Files\deps\"/>
		</Unit>
		<Unit filename="/Users/janheld/Workspaces/obs-studio/deps/file-updater/CMakeLists.txt">
			<Option virtualFolder="CMake Files\deps\file-updater\"/>
		</Unit>
		<Unit filename="/Users/janheld/Workspaces/obs-studio/deps/file-updater/CMakeLists.txt">
			<Option virtualFolder="CMake Files\deps\file-updater\"/>
		</Unit>
		<Unit filename="/Users/janheld/Workspaces/obs-studio/deps/glad/CMakeLists.txt">
			<Option virtualFolder="CMake Files\deps\glad\"/>
		</Unit>
		<Unit filename="/Users/janheld/Workspaces/obs-studio/deps/glad/CMakeLists.txt">
			<Option virtualFolder="CMake Files\deps\glad\"/>
		</Unit>
		<Unit filename="/Users/janheld/Workspaces/obs-studio/deps/jansson/CMakeLists.txt">
			<Option virtualFolder="CMake Files\deps\jansson\"/>
		</Unit>
		<Unit filename="/Users/janheld/Workspaces/obs-studio/deps/jansson/jansson.pc.in">
			<Option virtualFolder="CMake Files\deps\jansson\"/>
		</Unit>
		<Unit filename="/Users/janheld/Workspaces/obs-studio/deps/jansson/CMakeLists.txt">
			<Option virtualFolder="CMake Files\deps\jansson\"/>
		</Unit>
		<Unit filename="/Users/janheld/Workspaces/obs-studio/deps/jansson/jansson.pc.in">
			<Option virtualFolder="CMake Files\deps\jansson\"/>
		</Unit>
		<Unit filename="/Users/janheld/Workspaces/obs-studio/deps/jansson/cmake/CheckFunctionKeywords.cmake">
			<Option virtualFolder="CMake Files\deps\jansson\cmake\"/>
		</Unit>
		<Unit filename="/Users/janheld/Workspaces/obs-studio/deps/jansson/cmake/jansson_config.h.cmake">
			<Option virtualFolder="CMake Files\deps\jansson\cmake\"/>
		</Unit>
		<Unit filename="/Users/janheld/Workspaces/obs-studio/deps/jansson/cmake/config.h.cmake">
			<Option virtualFolder="CMake Files\deps\jansson\cmake\"/>
		</Unit>
		<Unit filename="/Users/janheld/Workspaces/obs-studio/deps/jansson/cmake/CheckFunctionKeywords.cmake">
			<Option virtualFolder="CMake Files\deps\jansson\cmake\"/>
		</Unit>
		<Unit filename="/Users/janheld/Workspaces/obs-studio/deps/jansson/cmake/jansson_config.h.cmake">
			<Option virtualFolder="CMake Files\deps\jansson\cmake\"/>
		</Unit>
		<Unit filename="/Users/janheld/Workspaces/obs-studio/deps/jansson/cmake/config.h.cmake">
			<Option virtualFolder="CMake Files\deps\jansson\cmake\"/>
		</Unit>
		<Unit filename="/Users/janheld/Workspaces/obs-studio/deps/libff/CMakeLists.txt">
			<Option virtualFolder="CMake Files\deps\libff\"/>
		</Unit>
		<Unit filename="/Users/janheld/Workspaces/obs-studio/deps/libff/CMakeLists.txt">
			<Option virtualFolder="CMake Files\deps\libff\"/>
		</Unit>
		<Unit filename="/Users/janheld/Workspaces/obs-studio/deps/w32-pthreads/CMakeLists.txt">
			<Option virtualFolder="CMake Files\deps\w32-pthreads\"/>
		</Unit>
		<Unit filename="/Users/janheld/Workspaces/obs-studio/deps/w32-pthreads/CMakeLists.txt">
			<Option virtualFolder="CMake Files\deps\w32-pthreads\"/>
		</Unit>
		<Unit filename="/Users/janheld/Workspaces/obs-studio/deps/ipc-util/CMakeLists.txt">
			<Option virtualFolder="CMake Files\deps\ipc-util\"/>
		</Unit>
		<Unit filename="/Users/janheld/Workspaces/obs-studio/UI/CMakeLists.txt">
			<Option virtualFolder="CMake Files\UI\"/>
		</Unit>
		<Unit filename="/Users/janheld/Workspaces/obs-studio/UI/CMakeLists.txt">
			<Option virtualFolder="CMake Files\UI\"/>
		</Unit>
		<Unit filename="/Users/janheld/Workspaces/obs-studio/UI/frontend-plugins/CMakeLists.txt">
			<Option virtualFolder="CMake Files\UI\frontend-plugins\"/>
		</Unit>
		<Unit filename="/Users/janheld/Workspaces/obs-studio/UI/frontend-plugins/CMakeLists.txt">
			<Option virtualFolder="CMake Files\UI\frontend-plugins\"/>
		</Unit>
		<Unit filename="/Users/janheld/Workspaces/obs-studio/UI/frontend-plugins/frontend-tools/CMakeLists.txt">
			<Option virtualFolder="CMake Files\UI\frontend-plugins\frontend-tools\"/>
		</Unit>
		<Unit filename="/Users/janheld/Workspaces/obs-studio/UI/frontend-plugins/frontend-tools/frontend-tools-config.h.in">
			<Option virtualFolder="CMake Files\UI\frontend-plugins\frontend-tools\"/>
		</Unit>
		<Unit filename="/Users/janheld/Workspaces/obs-studio/UI/frontend-plugins/frontend-tools/CMakeLists.txt">
			<Option virtualFolder="CMake Files\UI\frontend-plugins\frontend-tools\"/>
		</Unit>
		<Unit filename="/Users/janheld/Workspaces/obs-studio/UI/frontend-plugins/frontend-tools/frontend-tools-config.h.in">
			<Option virtualFolder="CMake Files\UI\frontend-plugins\frontend-tools\"/>
		</Unit>
		<Unit filename="/Users/janheld/Workspaces/obs-studio/UI/frontend-plugins/frontend-tools/CMakeLists.txt">
			<Option virtualFolder="CMake Files\UI\frontend-plugins\frontend-tools\"/>
		</Unit>
		<Unit filename="/Users/janheld/Workspaces/obs-studio/UI/frontend-plugins/frontend-tools/frontend-tools-config.h.in">
			<Option virtualFolder="CMake Files\UI\frontend-plugins\frontend-tools\"/>
		</Unit>
		<Unit filename="/Users/janheld/Workspaces/obs-studio/UI/forms/obs.qrc">
			<Option virtualFolder="CMake Files\UI\forms\"/>
		</Unit>
		<Unit filename="/Users/janheld/Workspaces/obs-studio/UI/forms/obs.qrc">
			<Option virtualFolder="CMake Files\UI\forms\"/>
		</Unit>
		<Unit filename="/Users/janheld/Workspaces/obs-studio/UI/obs-frontend-api/CMakeLists.txt">
			<Option virtualFolder="CMake Files\UI\obs-frontend-api\"/>
		</Unit>
		<Unit filename="/Users/janheld/Workspaces/obs-studio/UI/obs-frontend-api/CMakeLists.txt">
			<Option virtualFolder="CMake Files\UI\obs-frontend-api\"/>
		</Unit>
		<Unit filename="/Users/janheld/Workspaces/obs-studio/UI/obs-frontend-api/CMakeLists.txt">
			<Option virtualFolder="CMake Files\UI\obs-frontend-api\"/>
		</Unit>
		<Unit filename="/Users/janheld/Workspaces/obs-studio/libobs/CMakeLists.txt">
			<Option virtualFolder="CMake Files\libobs\"/>
		</Unit>
		<Unit filename="/Users/janheld/Workspaces/obs-studio/libobs/obsconfig.h.in">
			<Option virtualFolder="CMake Files\libobs\"/>
		</Unit>
		<Unit filename="/Users/janheld/Workspaces/obs-studio/libobs/LibObsConfig.cmake.in">
			<Option virtualFolder="CMake Files\libobs\"/>
		</Unit>
		<Unit filename="/Users/janheld/Workspaces/obs-studio/libobs/LibObsConfig.cmake.in">
			<Option virtualFolder="CMake Files\libobs\"/>
		</Unit>
		<Unit filename="/Users/janheld/Workspaces/obs-studio/libobs/LibObsConfigVersion.cmake.in">
			<Option virtualFolder="CMake Files\libobs\"/>
		</Unit>
		<Unit filename="/Users/janheld/Workspaces/obs-studio/libobs/CMakeLists.txt">
			<Option virtualFolder="CMake Files\libobs\"/>
		</Unit>
		<Unit filename="/Users/janheld/Workspaces/obs-studio/libobs/obsconfig.h.in">
			<Option virtualFolder="CMake Files\libobs\"/>
		</Unit>
		<Unit filename="/Users/janheld/Workspaces/obs-studio/libobs/LibObsConfig.cmake.in">
			<Option virtualFolder="CMake Files\libobs\"/>
		</Unit>
		<Unit filename="/Users/janheld/Workspaces/obs-studio/libobs/LibObsConfig.cmake.in">
			<Option virtualFolder="CMake Files\libobs\"/>
		</Unit>
		<Unit filename="/Users/janheld/Workspaces/obs-studio/libobs/LibObsConfigVersion.cmake.in">
			<Option virtualFolder="CMake Files\libobs\"/>
		</Unit>
		<Unit filename="/Users/janheld/Workspaces/obs-studio/libobs-opengl/CMakeLists.txt">
			<Option virtualFolder="CMake Files\libobs-opengl\"/>
		</Unit>
		<Unit filename="/Users/janheld/Workspaces/obs-studio/libobs-opengl/CMakeLists.txt">
			<Option virtualFolder="CMake Files\libobs-opengl\"/>
		</Unit>
		<Unit filename="/Users/janheld/Workspaces/obs-studio/../../../../opt/local/lib/cmake/Qt5Widgets/Qt5WidgetsConfigVersion.cmake">
			<Option virtualFolder="CMake Files\..\..\..\..\opt\local\lib\cmake\Qt5Widgets\"/>
		</Unit>
		<Unit filename="/Users/janheld/Workspaces/obs-studio/../../../../opt/local/lib/cmake/Qt5Widgets/Qt5WidgetsConfig.cmake">
			<Option virtualFolder="CMake Files\..\..\..\..\opt\local\lib\cmake\Qt5Widgets\"/>
		</Unit>
		<Unit filename="/Users/janheld/Workspaces/obs-studio/../../../../opt/local/lib/cmake/Qt5Widgets/Qt5WidgetsConfigVersion.cmake">
			<Option virtualFolder="CMake Files\..\..\..\..\opt\local\lib\cmake\Qt5Widgets\"/>
		</Unit>
		<Unit filename="/Users/janheld/Workspaces/obs-studio/../../../../opt/local/lib/cmake/Qt5Widgets/Qt5WidgetsConfig.cmake">
			<Option virtualFolder="CMake Files\..\..\..\..\opt\local\lib\cmake\Qt5Widgets\"/>
		</Unit>
		<Unit filename="/Users/janheld/Workspaces/obs-studio/../../../../opt/local/libexec/qt5/lib/cmake/Qt5Gui/Qt5GuiConfigVersion.cmake">
			<Option virtualFolder="CMake Files\..\..\..\..\opt\local\libexec\qt5\lib\cmake\Qt5Gui\"/>
		</Unit>
		<Unit filename="/Users/janheld/Workspaces/obs-studio/../../../../opt/local/libexec/qt5/lib/cmake/Qt5Gui/Qt5GuiConfig.cmake">
			<Option virtualFolder="CMake Files\..\..\..\..\opt\local\libexec\qt5\lib\cmake\Qt5Gui\"/>
		</Unit>
		<Unit filename="/Users/janheld/Workspaces/obs-studio/../../../../opt/local/libexec/qt5/lib/cmake/Qt5Gui/Qt5Gui_QCocoaIntegrationPlugin.cmake">
			<Option virtualFolder="CMake Files\..\..\..\..\opt\local\libexec\qt5\lib\cmake\Qt5Gui\"/>
		</Unit>
		<Unit filename="/Users/janheld/Workspaces/obs-studio/../../../../opt/local/libexec/qt5/lib/cmake/Qt5Gui/Qt5Gui_QDDSPlugin.cmake">
			<Option virtualFolder="CMake Files\..\..\..\..\opt\local\libexec\qt5\lib\cmake\Qt5Gui\"/>
		</Unit>
		<Unit filename="/Users/janheld/Workspaces/obs-studio/../../../../opt/local/libexec/qt5/lib/cmake/Qt5Gui/Qt5Gui_QGifPlugin.cmake">
			<Option virtualFolder="CMake Files\..\..\..\..\opt\local\libexec\qt5\lib\cmake\Qt5Gui\"/>
		</Unit>
		<Unit filename="/Users/janheld/Workspaces/obs-studio/../../../../opt/local/libexec/qt5/lib/cmake/Qt5Gui/Qt5Gui_QICNSPlugin.cmake">
			<Option virtualFolder="CMake Files\..\..\..\..\opt\local\libexec\qt5\lib\cmake\Qt5Gui\"/>
		</Unit>
		<Unit filename="/Users/janheld/Workspaces/obs-studio/../../../../opt/local/libexec/qt5/lib/cmake/Qt5Gui/Qt5Gui_QICOPlugin.cmake">
			<Option virtualFolder="CMake Files\..\..\..\..\opt\local\libexec\qt5\lib\cmake\Qt5Gui\"/>
		</Unit>
		<Unit filename="/Users/janheld/Workspaces/obs-studio/../../../../opt/local/libexec/qt5/lib/cmake/Qt5Gui/Qt5Gui_QJp2Plugin.cmake">
			<Option virtualFolder="CMake Files\..\..\..\..\opt\local\libexec\qt5\lib\cmake\Qt5Gui\"/>
		</Unit>
		<Unit filename="/Users/janheld/Workspaces/obs-studio/../../../../opt/local/libexec/qt5/lib/cmake/Qt5Gui/Qt5Gui_QJpegPlugin.cmake">
			<Option virtualFolder="CMake Files\..\..\..\..\opt\local\libexec\qt5\lib\cmake\Qt5Gui\"/>
		</Unit>
		<Unit filename="/Users/janheld/Workspaces/obs-studio/../../../../opt/local/libexec/qt5/lib/cmake/Qt5Gui/Qt5Gui_QMinimalIntegrationPlugin.cmake">
			<Option virtualFolder="CMake Files\..\..\..\..\opt\local\libexec\qt5\lib\cmake\Qt5Gui\"/>
		</Unit>
		<Unit filename="/Users/janheld/Workspaces/obs-studio/../../../../opt/local/libexec/qt5/lib/cmake/Qt5Gui/Qt5Gui_QMngPlugin.cmake">
			<Option virtualFolder="CMake Files\..\..\..\..\opt\local\libexec\qt5\lib\cmake\Qt5Gui\"/>
		</Unit>
		<Unit filename="/Users/janheld/Workspaces/obs-studio/../../../../opt/local/libexec/qt5/lib/cmake/Qt5Gui/Qt5Gui_QOffscreenIntegrationPlugin.cmake">
			<Option virtualFolder="CMake Files\..\..\..\..\opt\local\libexec\qt5\lib\cmake\Qt5Gui\"/>
		</Unit>
		<Unit filename="/Users/janheld/Workspaces/obs-studio/../../../../opt/local/libexec/qt5/lib/cmake/Qt5Gui/Qt5Gui_QTgaPlugin.cmake">
			<Option virtualFolder="CMake Files\..\..\..\..\opt\local\libexec\qt5\lib\cmake\Qt5Gui\"/>
		</Unit>
		<Unit filename="/Users/janheld/Workspaces/obs-studio/../../../../opt/local/libexec/qt5/lib/cmake/Qt5Gui/Qt5Gui_QTiffPlugin.cmake">
			<Option virtualFolder="CMake Files\..\..\..\..\opt\local\libexec\qt5\lib\cmake\Qt5Gui\"/>
		</Unit>
		<Unit filename="/Users/janheld/Workspaces/obs-studio/../../../../opt/local/libexec/qt5/lib/cmake/Qt5Gui/Qt5Gui_QTuioTouchPlugin.cmake">
			<Option virtualFolder="CMake Files\..\..\..\..\opt\local\libexec\qt5\lib\cmake\Qt5Gui\"/>
		</Unit>
		<Unit filename="/Users/janheld/Workspaces/obs-studio/../../../../opt/local/libexec/qt5/lib/cmake/Qt5Gui/Qt5Gui_QWbmpPlugin.cmake">
			<Option virtualFolder="CMake Files\..\..\..\..\opt\local\libexec\qt5\lib\cmake\Qt5Gui\"/>
		</Unit>
		<Unit filename="/Users/janheld/Workspaces/obs-studio/../../../../opt/local/libexec/qt5/lib/cmake/Qt5Gui/Qt5Gui_QWebpPlugin.cmake">
			<Option virtualFolder="CMake Files\..\..\..\..\opt\local\libexec\qt5\lib\cmake\Qt5Gui\"/>
		</Unit>
		<Unit filename="/Users/janheld/Workspaces/obs-studio/../../../../opt/local/libexec/qt5/lib/cmake/Qt5Gui/Qt5GuiConfigExtras.cmake">
			<Option virtualFolder="CMake Files\..\..\..\..\opt\local\libexec\qt5\lib\cmake\Qt5Gui\"/>
		</Unit>
		<Unit filename="/Users/janheld/Workspaces/obs-studio/../../../../opt/local/libexec/qt5/lib/cmake/Qt5Gui/Qt5GuiConfigVersion.cmake">
			<Option virtualFolder="CMake Files\..\..\..\..\opt\local\libexec\qt5\lib\cmake\Qt5Gui\"/>
		</Unit>
		<Unit filename="/Users/janheld/Workspaces/obs-studio/../../../../opt/local/libexec/qt5/lib/cmake/Qt5Gui/Qt5GuiConfig.cmake">
			<Option virtualFolder="CMake Files\..\..\..\..\opt\local\libexec\qt5\lib\cmake\Qt5Gui\"/>
		</Unit>
		<Unit filename="/Users/janheld/Workspaces/obs-studio/../../../../opt/local/libexec/qt5/lib/cmake/Qt5Gui/Qt5Gui_QCocoaIntegrationPlugin.cmake">
			<Option virtualFolder="CMake Files\..\..\..\..\opt\local\libexec\qt5\lib\cmake\Qt5Gui\"/>
		</Unit>
		<Unit filename="/Users/janheld/Workspaces/obs-studio/../../../../opt/local/libexec/qt5/lib/cmake/Qt5Gui/Qt5Gui_QDDSPlugin.cmake">
			<Option virtualFolder="CMake Files\..\..\..\..\opt\local\libexec\qt5\lib\cmake\Qt5Gui\"/>
		</Unit>
		<Unit filename="/Users/janheld/Workspaces/obs-studio/../../../../opt/local/libexec/qt5/lib/cmake/Qt5Gui/Qt5Gui_QGifPlugin.cmake">
			<Option virtualFolder="CMake Files\..\..\..\..\opt\local\libexec\qt5\lib\cmake\Qt5Gui\"/>
		</Unit>
		<Unit filename="/Users/janheld/Workspaces/obs-studio/../../../../opt/local/libexec/qt5/lib/cmake/Qt5Gui/Qt5Gui_QICNSPlugin.cmake">
			<Option virtualFolder="CMake Files\..\..\..\..\opt\local\libexec\qt5\lib\cmake\Qt5Gui\"/>
		</Unit>
		<Unit filename="/Users/janheld/Workspaces/obs-studio/../../../../opt/local/libexec/qt5/lib/cmake/Qt5Gui/Qt5Gui_QICOPlugin.cmake">
			<Option virtualFolder="CMake Files\..\..\..\..\opt\local\libexec\qt5\lib\cmake\Qt5Gui\"/>
		</Unit>
		<Unit filename="/Users/janheld/Workspaces/obs-studio/../../../../opt/local/libexec/qt5/lib/cmake/Qt5Gui/Qt5Gui_QJp2Plugin.cmake">
			<Option virtualFolder="CMake Files\..\..\..\..\opt\local\libexec\qt5\lib\cmake\Qt5Gui\"/>
		</Unit>
		<Unit filename="/Users/janheld/Workspaces/obs-studio/../../../../opt/local/libexec/qt5/lib/cmake/Qt5Gui/Qt5Gui_QJpegPlugin.cmake">
			<Option virtualFolder="CMake Files\..\..\..\..\opt\local\libexec\qt5\lib\cmake\Qt5Gui\"/>
		</Unit>
		<Unit filename="/Users/janheld/Workspaces/obs-studio/../../../../opt/local/libexec/qt5/lib/cmake/Qt5Gui/Qt5Gui_QMinimalIntegrationPlugin.cmake">
			<Option virtualFolder="CMake Files\..\..\..\..\opt\local\libexec\qt5\lib\cmake\Qt5Gui\"/>
		</Unit>
		<Unit filename="/Users/janheld/Workspaces/obs-studio/../../../../opt/local/libexec/qt5/lib/cmake/Qt5Gui/Qt5Gui_QMngPlugin.cmake">
			<Option virtualFolder="CMake Files\..\..\..\..\opt\local\libexec\qt5\lib\cmake\Qt5Gui\"/>
		</Unit>
		<Unit filename="/Users/janheld/Workspaces/obs-studio/../../../../opt/local/libexec/qt5/lib/cmake/Qt5Gui/Qt5Gui_QOffscreenIntegrationPlugin.cmake">
			<Option virtualFolder="CMake Files\..\..\..\..\opt\local\libexec\qt5\lib\cmake\Qt5Gui\"/>
		</Unit>
		<Unit filename="/Users/janheld/Workspaces/obs-studio/../../../../opt/local/libexec/qt5/lib/cmake/Qt5Gui/Qt5Gui_QTgaPlugin.cmake">
			<Option virtualFolder="CMake Files\..\..\..\..\opt\local\libexec\qt5\lib\cmake\Qt5Gui\"/>
		</Unit>
		<Unit filename="/Users/janheld/Workspaces/obs-studio/../../../../opt/local/libexec/qt5/lib/cmake/Qt5Gui/Qt5Gui_QTiffPlugin.cmake">
			<Option virtualFolder="CMake Files\..\..\..\..\opt\local\libexec\qt5\lib\cmake\Qt5Gui\"/>
		</Unit>
		<Unit filename="/Users/janheld/Workspaces/obs-studio/../../../../opt/local/libexec/qt5/lib/cmake/Qt5Gui/Qt5Gui_QTuioTouchPlugin.cmake">
			<Option virtualFolder="CMake Files\..\..\..\..\opt\local\libexec\qt5\lib\cmake\Qt5Gui\"/>
		</Unit>
		<Unit filename="/Users/janheld/Workspaces/obs-studio/../../../../opt/local/libexec/qt5/lib/cmake/Qt5Gui/Qt5Gui_QWbmpPlugin.cmake">
			<Option virtualFolder="CMake Files\..\..\..\..\opt\local\libexec\qt5\lib\cmake\Qt5Gui\"/>
		</Unit>
		<Unit filename="/Users/janheld/Workspaces/obs-studio/../../../../opt/local/libexec/qt5/lib/cmake/Qt5Gui/Qt5Gui_QWebpPlugin.cmake">
			<Option virtualFolder="CMake Files\..\..\..\..\opt\local\libexec\qt5\lib\cmake\Qt5Gui\"/>
		</Unit>
		<Unit filename="/Users/janheld/Workspaces/obs-studio/../../../../opt/local/libexec/qt5/lib/cmake/Qt5Gui/Qt5GuiConfigExtras.cmake">
			<Option virtualFolder="CMake Files\..\..\..\..\opt\local\libexec\qt5\lib\cmake\Qt5Gui\"/>
		</Unit>
		<Unit filename="/Users/janheld/Workspaces/obs-studio/../../../../opt/local/libexec/qt5/lib/cmake/Qt5Core/Qt5CoreConfigVersion.cmake">
			<Option virtualFolder="CMake Files\..\..\..\..\opt\local\libexec\qt5\lib\cmake\Qt5Core\"/>
		</Unit>
		<Unit filename="/Users/janheld/Workspaces/obs-studio/../../../../opt/local/libexec/qt5/lib/cmake/Qt5Core/Qt5CoreConfig.cmake">
			<Option virtualFolder="CMake Files\..\..\..\..\opt\local\libexec\qt5\lib\cmake\Qt5Core\"/>
		</Unit>
		<Unit filename="/Users/janheld/Workspaces/obs-studio/../../../../opt/local/libexec/qt5/lib/cmake/Qt5Core/Qt5CoreConfigExtras.cmake">
			<Option virtualFolder="CMake Files\..\..\..\..\opt\local\libexec\qt5\lib\cmake\Qt5Core\"/>
		</Unit>
		<Unit filename="/Users/janheld/Workspaces/obs-studio/../../../../opt/local/libexec/qt5/lib/cmake/Qt5Core/Qt5CoreConfigExtrasMkspecDir.cmake">
			<Option virtualFolder="CMake Files\..\..\..\..\opt\local\libexec\qt5\lib\cmake\Qt5Core\"/>
		</Unit>
		<Unit filename="/Users/janheld/Workspaces/obs-studio/../../../../opt/local/libexec/qt5/lib/cmake/Qt5Core/Qt5CoreMacros.cmake">
			<Option virtualFolder="CMake Files\..\..\..\..\opt\local\libexec\qt5\lib\cmake\Qt5Core\"/>
		</Unit>
		<Unit filename="/Users/janheld/Workspaces/obs-studio/../../../../opt/local/libexec/qt5/lib/cmake/Qt5Core/Qt5CoreConfigVersion.cmake">
			<Option virtualFolder="CMake Files\..\..\..\..\opt\local\libexec\qt5\lib\cmake\Qt5Core\"/>
		</Unit>
		<Unit filename="/Users/janheld/Workspaces/obs-studio/../../../../opt/local/libexec/qt5/lib/cmake/Qt5Core/Qt5CoreConfig.cmake">
			<Option virtualFolder="CMake Files\..\..\..\..\opt\local\libexec\qt5\lib\cmake\Qt5Core\"/>
		</Unit>
		<Unit filename="/Users/janheld/Workspaces/obs-studio/../../../../opt/local/libexec/qt5/lib/cmake/Qt5Core/Qt5CoreConfigExtras.cmake">
			<Option virtualFolder="CMake Files\..\..\..\..\opt\local\libexec\qt5\lib\cmake\Qt5Core\"/>
		</Unit>
		<Unit filename="/Users/janheld/Workspaces/obs-studio/../../../../opt/local/libexec/qt5/lib/cmake/Qt5Core/Qt5CoreConfigExtrasMkspecDir.cmake">
			<Option virtualFolder="CMake Files\..\..\..\..\opt\local\libexec\qt5\lib\cmake\Qt5Core\"/>
		</Unit>
		<Unit filename="/Users/janheld/Workspaces/obs-studio/../../../../opt/local/libexec/qt5/lib/cmake/Qt5Core/Qt5CoreMacros.cmake">
			<Option virtualFolder="CMake Files\..\..\..\..\opt\local\libexec\qt5\lib\cmake\Qt5Core\"/>
		</Unit>
		<Unit filename="/Users/janheld/Workspaces/obs-studio/../../../../opt/local/libexec/qt5/lib/cmake/Qt5Widgets/Qt5WidgetsConfigExtras.cmake">
			<Option virtualFolder="CMake Files\..\..\..\..\opt\local\libexec\qt5\lib\cmake\Qt5Widgets\"/>
		</Unit>
		<Unit filename="/Users/janheld/Workspaces/obs-studio/../../../../opt/local/libexec/qt5/lib/cmake/Qt5Widgets/Qt5WidgetsMacros.cmake">
			<Option virtualFolder="CMake Files\..\..\..\..\opt\local\libexec\qt5\lib\cmake\Qt5Widgets\"/>
		</Unit>
		<Unit filename="/Users/janheld/Workspaces/obs-studio/../../../../opt/local/libexec/qt5/lib/cmake/Qt5Widgets/Qt5WidgetsConfigExtras.cmake">
			<Option virtualFolder="CMake Files\..\..\..\..\opt\local\libexec\qt5\lib\cmake\Qt5Widgets\"/>
		</Unit>
		<Unit filename="/Users/janheld/Workspaces/obs-studio/../../../../opt/local/libexec/qt5/lib/cmake/Qt5Widgets/Qt5WidgetsMacros.cmake">
			<Option virtualFolder="CMake Files\..\..\..\..\opt\local\libexec\qt5\lib\cmake\Qt5Widgets\"/>
		</Unit>
	</Project>
</CodeBlocks_project_file>
